
Microsoft Visual Studio Solution File, Format Version 12.00
# Visual Studio Version 17
VisualStudioVersion = 17.10.35122.118
MinimumVisualStudioVersion = 10.0.40219.1
Project("{9A19103F-16F7-4668-BE54-9A1E7A4F7556}") = "QuizAppAPI", "QuizAppAPI\QuizAppAPI.csproj", "{5DD2614B-55A9-4983-B95C-98FD71B3EAF6}"
EndProject
Project("{9A19103F-16F7-4668-BE54-9A1E7A4F7556}") = "QuizAppShared", "QuizAppShared\QuizAppShared.csproj", "{D072F83F-B8C6-49C7-A473-561C040DF5F3}"
EndProject
Project("{FAE04EC0-301F-11D3-BF4B-00C04F79EFBC}") = "QuizAppUI", "QuizAppUI\QuizAppUI.csproj", "{47516D9E-F275-46DF-B709-1E2A51FE7E95}"
EndProject
Global
	GlobalSection(SolutionConfigurationPlatforms) = preSolution
		Debug|Any CPU = Debug|Any CPU
		Release|Any CPU = Release|Any CPU
	EndGlobalSection
	GlobalSection(ProjectConfigurationPlatforms) = postSolution
		{5DD2614B-55A9-4983-B95C-98FD71B3EAF6}.Debug|Any CPU.ActiveCfg = Debug|Any CPU
		{5DD2614B-55A9-4983-B95C-98FD71B3EAF6}.Debug|Any CPU.Build.0 = Debug|Any CPU
		{5DD2614B-55A9-4983-B95C-98FD71B3EAF6}.Release|Any CPU.ActiveCfg = Release|Any CPU
		{5DD2614B-55A9-4983-B95C-98FD71B3EAF6}.Release|Any CPU.Build.0 = Release|Any CPU
		{D072F83F-B8C6-49C7-A473-561C040DF5F3}.Debug|Any CPU.ActiveCfg = Debug|Any CPU
		{D072F83F-B8C6-49C7-A473-561C040DF5F3}.Debug|Any CPU.Build.0 = Debug|Any CPU
		{D072F83F-B8C6-49C7-A473-561C040DF5F3}.Release|Any CPU.ActiveCfg = Release|Any CPU
		{D072F83F-B8C6-49C7-A473-561C040DF5F3}.Release|Any CPU.Build.0 = Release|Any CPU
		{47516D9E-F275-46DF-B709-1E2A51FE7E95}.Debug|Any CPU.ActiveCfg = Debug|Any CPU
		{47516D9E-F275-46DF-B709-1E2A51FE7E95}.Debug|Any CPU.Build.0 = Debug|Any CPU
		{47516D9E-F275-46DF-B709-1E2A51FE7E95}.Release|Any CPU.ActiveCfg = Release|Any CPU
		{47516D9E-F275-46DF-B709-1E2A51FE7E95}.Release|Any CPU.Build.0 = Release|Any CPU
	EndGlobalSection
	GlobalSection(SolutionProperties) = preSolution
		HideSolutionNode = FALSE
	EndGlobalSection
	GlobalSection(ExtensibilityGlobals) = postSolution
		SolutionGuid = {CABF88F6-3142-4065-9FDD-837D3EF47E9B}
	EndGlobalSection
EndGlobal
